
Microsoft Visual Studio Solution File, Format Version 12.00
# Visual Studio Version 16
VisualStudioVersion = 16.0.29911.84
MinimumVisualStudioVersion = 10.0.40219.1
Project("{FAE04EC0-301F-11D3-BF4B-00C04F79EFBC}") = "DeliriumSpawner", "DeliriumSpawner.csproj", "{86357A77-6EF8-4ED5-91FB-EDBA230B6291}"
EndProject
Global
	GlobalSection(SolutionConfigurationPlatforms) = preSolution
		Debug|Any CPU = Debug|Any CPU
		Release|Any CPU = Release|Any CPU
	EndGlobalSection
	GlobalSection(ProjectConfigurationPlatforms) = postSolution
		{86357A77-6EF8-4ED5-91FB-EDBA230B6291}.Debug|Any CPU.ActiveCfg = Debug|Any CPU
		{86357A77-6EF8-4ED5-91FB-EDBA230B6291}.Debug|Any CPU.Build.0 = Debug|Any CPU
		{86357A77-6EF8-4ED5-91FB-EDBA230B6291}.Release|Any CPU.ActiveCfg = Release|Any CPU
		{86357A77-6EF8-4ED5-91FB-EDBA230B6291}.Release|Any CPU.Build.0 = Release|Any CPU
	EndGlobalSection
	GlobalSection(SolutionProperties) = preSolution
		HideSolutionNode = FALSE
	EndGlobalSection
	GlobalSection(ExtensibilityGlobals) = postSolution
		SolutionGuid = {72B4CB15-8CAF-4730-80F4-F0DBD2A3A09B}
	EndGlobalSection
EndGlobal
